
Microsoft Visual Studio Solution File, Format Version 12.00
# Visual Studio Version 17
VisualStudioVersion = 17.10.34928.147
MinimumVisualStudioVersion = 10.0.40219.1
Project("{FAE04EC0-301F-11D3-BF4B-00C04F79EFBC}") = "FidgetSpinnerWASM2", "FidgetSpinnerWASM2\FidgetSpinnerWASM2.csproj", "{F3B83225-E8AB-4226-9011-87FDC3AC1B00}"
EndProject
Global
	GlobalSection(SolutionConfigurationPlatforms) = preSolution
		Debug|Any CPU = Debug|Any CPU
		Release|Any CPU = Release|Any CPU
	EndGlobalSection
	GlobalSection(ProjectConfigurationPlatforms) = postSolution
		{F3B83225-E8AB-4226-9011-87FDC3AC1B00}.Debug|Any CPU.ActiveCfg = Debug|Any CPU
		{F3B83225-E8AB-4226-9011-87FDC3AC1B00}.Debug|Any CPU.Build.0 = Debug|Any CPU
		{F3B83225-E8AB-4226-9011-87FDC3AC1B00}.Release|Any CPU.ActiveCfg = Release|Any CPU
		{F3B83225-E8AB-4226-9011-87FDC3AC1B00}.Release|Any CPU.Build.0 = Release|Any CPU
	EndGlobalSection
	GlobalSection(SolutionProperties) = preSolution
		HideSolutionNode = FALSE
	EndGlobalSection
	GlobalSection(ExtensibilityGlobals) = postSolution
		SolutionGuid = {2F52F5E2-3B84-4B34-8C99-8D6B0B62DA00}
	EndGlobalSection
EndGlobal
